// !$*UTF8*$!
{
	archiveVersion = 1;
	classes = {
	};
	objectVersion = 46;
	objects = {

/* Begin PBXBuildFile section */
		3FA7C78B1AA7B71B00A71AB7 /* AppDelegate.swift in Sources */ = {isa = PBXBuildFile; fileRef = 3FA7C78A1AA7B71B00A71AB7 /* AppDelegate.swift */; };
		3FA7C78D1AA7B71B00A71AB7 /* ViewController.swift in Sources */ = {isa = PBXBuildFile; fileRef = 3FA7C78C1AA7B71B00A71AB7 /* ViewController.swift */; };
		3FA7C7901AA7B71B00A71AB7 /* Main.storyboard in Resources */ = {isa = PBXBuildFile; fileRef = 3FA7C78E1AA7B71B00A71AB7 /* Main.storyboard */; };
		3FA7C7921AA7B71B00A71AB7 /* Images.xcassets in Resources */ = {isa = PBXBuildFile; fileRef = 3FA7C7911AA7B71B00A71AB7 /* Images.xcassets */; };
		3FA7C7951AA7B71B00A71AB7 /* LaunchScreen.xib in Resources */ = {isa = PBXBuildFile; fileRef = 3FA7C7931AA7B71B00A71AB7 /* LaunchScreen.xib */; };
		3FA7C7A11AA7B71B00A71AB7 /* unwindsegueexamTests.swift in Sources */ = {isa = PBXBuildFile; fileRef = 3FA7C7A01AA7B71B00A71AB7 /* unwindsegueexamTests.swift */; };
/* End PBXBuildFile section */

/* Begin PBXContainerItemProxy section */
		3FA7C79B1AA7B71B00A71AB7 /* PBXContainerItemProxy */ = {
			isa = PBXContainerItemProxy;
			containerPortal = 3FA7C77D1AA7B71B00A71AB7 /* Project object */;
			proxyType = 1;
			remoteGlobalIDString = 3FA7C7841AA7B71B00A71AB7;
			remoteInfo = unwindsegueexam;
		};
/* End PBXContainerItemProxy section */

/* Begin PBXFileReference section */
		3FA7C7851AA7B71B00A71AB7 /* unwindsegueexam.app */ = {isa = PBXFileReference; explicitFileType = wrapper.application; includeInIndex = 0; path = unwindsegueexam.app; sourceTree = BUILT_PRODUCTS_DIR; };
		3FA7C7891AA7B71B00A71AB7 /* Info.plist */ = {isa = PBXFileReference; lastKnownFileType = text.plist.xml; path = Info.plist; sourceTree = "<group>"; };
		3FA7C78A1AA7B71B00A71AB7 /* AppDelegate.swift */ = {isa = PBXFileReference; lastKnownFileType = sourcecode.swift; path = AppDelegate.swift; sourceTree = "<group>"; };
		3FA7C78C1AA7B71B00A71AB7 /* ViewController.swift */ = {isa = PBXFileReference; lastKnownFileType = sourcecode.swift; path = ViewController.swift; sourceTree = "<group>"; };
		3FA7C78F1AA7B71B00A71AB7 /* Base */ = {isa = PBXFileReference; lastKnownFileType = file.storyboard; name = Base; path = Base.lproj/Main.storyboard; sourceTree = "<group>"; };
		3FA7C7911AA7B71B00A71AB7 /* Images.xcassets */ = {isa = PBXFileReference; lastKnownFileType = folder.assetcatalog; path = Images.xcassets; sourceTree = "<group>"; };
		3FA7C7941AA7B71B00A71AB7 /* Base */ = {isa = PBXFileReference; lastKnownFileType = file.xib; name = Base; path = Base.lproj/LaunchScreen.xib; sourceTree = "<group>"; };
		3FA7C79A1AA7B71B00A71AB7 /* unwindsegueexamTests.xctest */ = {isa = PBXFileReference; explicitFileType = wrapper.cfbundle; includeInIndex = 0; path = unwindsegueexamTests.xctest; sourceTree = BUILT_PRODUCTS_DIR; };
		3FA7C79F1AA7B71B00A71AB7 /* Info.plist */ = {isa = PBXFileReference; lastKnownFileType = text.plist.xml; path = Info.plist; sourceTree = "<group>"; };
		3FA7C7A01AA7B71B00A71AB7 /* unwindsegueexamTests.swift */ = {isa = PBXFileReference; lastKnownFileType = sourcecode.swift; path = unwindsegueexamTests.swift; sourceTree = "<group>"; };
/* End PBXFileReference section */

/* Begin PBXFrameworksBuildPhase section */
		3FA7C7821AA7B71B00A71AB7 /* Frameworks */ = {
			isa = PBXFrameworksBuildPhase;
			buildActionMask = 2147483647;
			files = (
			);
			runOnlyForDeploymentPostprocessing = 0;
		};
		3FA7C7971AA7B71B00A71AB7 /* Frameworks */ = {
			isa = PBXFrameworksBuildPhase;
			buildActionMask = 2147483647;
			files = (
			);
			runOnlyForDeploymentPostprocessing = 0;
		};
/* End PBXFrameworksBuildPhase section */

/* Begin PBXGroup section */
		3FA7C77C1AA7B71B00A71AB7 = {
			isa = PBXGroup;
			children = (
				3FA7C7871AA7B71B00A71AB7 /* unwindsegueexam */,
				3FA7C79D1AA7B71B00A71AB7 /* unwindsegueexamTests */,
				3FA7C7861AA7B71B00A71AB7 /* Products */,
			);
			sourceTree = "<group>";
		};
		3FA7C7861AA7B71B00A71AB7 /* Products */ = {
			isa = PBXGroup;
			children = (
				3FA7C7851AA7B71B00A71AB7 /* unwindsegueexam.app */,
				3FA7C79A1AA7B71B00A71AB7 /* unwindsegueexamTests.xctest */,
			);
			name = Products;
			sourceTree = "<group>";
		};
		3FA7C7871AA7B71B00A71AB7 /* unwindsegueexam */ = {
			isa = PBXGroup;
			children = (
				3FA7C78A1AA7B71B00A71AB7 /* AppDelegate.swift */,
				3FA7C78C1AA7B71B00A71AB7 /* ViewController.swift */,
				3FA7C78E1AA7B71B00A71AB7 /* Main.storyboard */,
				3FA7C7911AA7B71B00A71AB7 /* Images.xcassets */,
				3FA7C7931AA7B71B00A71AB7 /* LaunchScreen.xib */,
				3FA7C7881AA7B71B00A71AB7 /* Supporting Files */,
			);
			path = unwindsegueexam;
			sourceTree = "<group>";
		};
		3FA7C7881AA7B71B00A71AB7 /* Supporting Files */ = {
			isa = PBXGroup;
			children = (
				3FA7C7891AA7B71B00A71AB7 /* Info.plist */,
			);
			name = "Supporting Files";
			sourceTree = "<group>";
		};
		3FA7C79D1AA7B71B00A71AB7 /* unwindsegueexamTests */ = {
			isa = PBXGroup;
			children = (
				3FA7C7A01AA7B71B00A71AB7 /* unwindsegueexamTests.swift */,
				3FA7C79E1AA7B71B00A71AB7 /* Supporting Files */,
			);
			path = unwindsegueexamTests;
			sourceTree = "<group>";
		};
		3FA7C79E1AA7B71B00A71AB7 /* Supporting Files */ = {
			isa = PBXGroup;
			children = (
				3FA7C79F1AA7B71B00A71AB7 /* Info.plist */,
			);
			name = "Supporting Files";
			sourceTree = "<group>";
		};
/* End PBXGroup section */

/* Begin PBXNativeTarget section */
		3FA7C7841AA7B71B00A71AB7 /* unwindsegueexam */ = {
			isa = PBXNativeTarget;
			buildConfigurationList = 3FA7C7A41AA7B71B00A71AB7 /* Build configuration list for PBXNativeTarget "unwindsegueexam" */;
			buildPhases = (
				3FA7C7811AA7B71B00A71AB7 /* Sources */,
				3FA7C7821AA7B71B00A71AB7 /* Frameworks */,
				3FA7C7831AA7B71B00A71AB7 /* Resources */,
			);
			buildRules = (
			);
			dependencies = (
			);
			name = unwindsegueexam;
			productName = unwindsegueexam;
			productReference = 3FA7C7851AA7B71B00A71AB7 /* unwindsegueexam.app */;
			productType = "com.apple.product-type.application";
		};
		3FA7C7991AA7B71B00A71AB7 /* unwindsegueexamTests */ = {
			isa = PBXNativeTarget;
			buildConfigurationList = 3FA7C7A71AA7B71B00A71AB7 /* Build configuration list for PBXNativeTarget "unwindsegueexamTests" */;
			buildPhases = (
				3FA7C7961AA7B71B00A71AB7 /* Sources */,
				3FA7C7971AA7B71B00A71AB7 /* Frameworks */,
				3FA7C7981AA7B71B00A71AB7 /* Resources */,
			);
			buildRules = (
			);
			dependencies = (
				3FA7C79C1AA7B71B00A71AB7 /* PBXTargetDependency */,
			);
			name = unwindsegueexamTests;
			productName = unwindsegueexamTests;
			productReference = 3FA7C79A1AA7B71B00A71AB7 /* unwindsegueexamTests.xctest */;
			productType = "com.apple.product-type.bundle.unit-test";
		};
/* End PBXNativeTarget section */

/* Begin PBXProject section */
		3FA7C77D1AA7B71B00A71AB7 /* Project object */ = {
			isa = PBXProject;
			attributes = {
				LastUpgradeCheck = 0610;
				ORGANIZATIONNAME = Student;
				TargetAttributes = {
					3FA7C7841AA7B71B00A71AB7 = {
						CreatedOnToolsVersion = 6.1.1;
					};
					3FA7C7991AA7B71B00A71AB7 = {
						CreatedOnToolsVersion = 6.1.1;
						TestTargetID = 3FA7C7841AA7B71B00A71AB7;
					};
				};
			};
			buildConfigurationList = 3FA7C7801AA7B71B00A71AB7 /* Build configuration list for PBXProject "unwindsegueexam" */;
			compatibilityVersion = "Xcode 3.2";
			developmentRegion = English;
			hasScannedForEncodings = 0;
			knownRegions = (
				en,
				Base,
			);
			mainGroup = 3FA7C77C1AA7B71B00A71AB7;
			productRefGroup = 3FA7C7861AA7B71B00A71AB7 /* Products */;
			projectDirPath = "";
			projectRoot = "";
			targets = (
				3FA7C7841AA7B71B00A71AB7 /* unwindsegueexam */,
				3FA7C7991AA7B71B00A71AB7 /* unwindsegueexamTests */,
			);
		};
/* End PBXProject section */

/* Begin PBXResourcesBuildPhase section */
		3FA7C7831AA7B71B00A71AB7 /* Resources */ = {
			isa = PBXResourcesBuildPhase;
			buildActionMask = 2147483647;
			files = (
				3FA7C7901AA7B71B00A71AB7 /* Main.storyboard in Resources */,
				3FA7C7951AA7B71B00A71AB7 /* LaunchScreen.xib in Resources */,
				3FA7C7921AA7B71B00A71AB7 /* Images.xcassets in Resources */,
			);
			runOnlyForDeploymentPostprocessing = 0;
		};
		3FA7C7981AA7B71B00A71AB7 /* Resources */ = {
			isa = PBXResourcesBuildPhase;
			buildActionMask = 2147483647;
			files = (
			);
			runOnlyForDeploymentPostprocessing = 0;
		};
/* End PBXResourcesBuildPhase section */

/* Begin PBXSourcesBuildPhase section */
		3FA7C7811AA7B71B00A71AB7 /* Sources */ = {
			isa = PBXSourcesBuildPhase;
			buildActionMask = 2147483647;
			files = (
				3FA7C78D1AA7B71B00A71AB7 /* ViewController.swift in Sources */,
				3FA7C78B1AA7B71B00A71AB7 /* AppDelegate.swift in Sources */,
			);
			runOnlyForDeploymentPostprocessing = 0;
		};
		3FA7C7961AA7B71B00A71AB7 /* Sources */ = {
			isa = PBXSourcesBuildPhase;
			buildActionMask = 2147483647;
			files = (
				3FA7C7A11AA7B71B00A71AB7 /* unwindsegueexamTests.swift in Sources */,
			);
			runOnlyForDeploymentPostprocessing = 0;
		};
/* End PBXSourcesBuildPhase section */

/* Begin PBXTargetDependency section */
		3FA7C79C1AA7B71B00A71AB7 /* PBXTargetDependency */ = {
			isa = PBXTargetDependency;
			target = 3FA7C7841AA7B71B00A71AB7 /* unwindsegueexam */;
			targetProxy = 3FA7C79B1AA7B71B00A71AB7 /* PBXContainerItemProxy */;
		};
/* End PBXTargetDependency section */

/* Begin PBXVariantGroup section */
		3FA7C78E1AA7B71B00A71AB7 /* Main.storyboard */ = {
			isa = PBXVariantGroup;
			children = (
				3FA7C78F1AA7B71B00A71AB7 /* Base */,
			);
			name = Main.storyboard;
			sourceTree = "<group>";
		};
		3FA7C7931AA7B71B00A71AB7 /* LaunchScreen.xib */ = {
			isa = PBXVariantGroup;
			children = (
				3FA7C7941AA7B71B00A71AB7 /* Base */,
			);
			name = LaunchScreen.xib;
			sourceTree = "<group>";
		};
/* End PBXVariantGroup section */

/* Begin XCBuildConfiguration section */
		3FA7C7A21AA7B71B00A71AB7 /* Debug */ = {
			isa = XCBuildConfiguration;
			buildSettings = {
				ALWAYS_SEARCH_USER_PATHS = NO;
				CLANG_CXX_LANGUAGE_STANDARD = "gnu++0x";
				CLANG_CXX_LIBRARY = "libc++";
				CLANG_ENABLE_MODULES = YES;
				CLANG_ENABLE_OBJC_ARC = YES;
				CLANG_WARN_BOOL_CONVERSION = YES;
				CLANG_WARN_CONSTANT_CONVERSION = YES;
				CLANG_WARN_DIRECT_OBJC_ISA_USAGE = YES_ERROR;
				CLANG_WARN_EMPTY_BODY = YES;
				CLANG_WARN_ENUM_CONVERSION = YES;
				CLANG_WARN_INT_CONVERSION = YES;
				CLANG_WARN_OBJC_ROOT_CLASS = YES_ERROR;
				CLANG_WARN_UNREACHABLE_CODE = YES;
				CLANG_WARN__DUPLICATE_METHOD_MATCH = YES;
				"CODE_SIGN_IDENTITY[sdk=iphoneos*]" = "iPhone Developer";
				COPY_PHASE_STRIP = NO;
				ENABLE_STRICT_OBJC_MSGSEND = YES;
				GCC_C_LANGUAGE_STANDARD = gnu99;
				GCC_DYNAMIC_NO_PIC = NO;
				GCC_OPTIMIZATION_LEVEL = 0;
				GCC_PREPROCESSOR_DEFINITIONS = (
					"DEBUG=1",
					"$(inherited)",
				);
				GCC_SYMBOLS_PRIVATE_EXTERN = NO;
				GCC_WARN_64_TO_32_BIT_CONVERSION = YES;
				GCC_WARN_ABOUT_RETURN_TYPE = YES_ERROR;
				GCC_WARN_UNDECLARED_SELECTOR = YES;
				GCC_WARN_UNINITIALIZED_AUTOS = YES_AGGRESSIVE;
				GCC_WARN_UNUSED_FUNCTION = YES;
				GCC_WARN_UNUSED_VARIABLE = YES;
				IPHONEOS_DEPLOYMENT_TARGET = 8.1;
				MTL_ENABLE_DEBUG_INFO = YES;
				ONLY_ACTIVE_ARCH = YES;
				SDKROOT = iphoneos;
				SWIFT_OPTIMIZATION_LEVEL = "-Onone";
			};
			name = Debug;
		};
		3FA7C7A31AA7B71B00A71AB7 /* Release */ = {
			isa = XCBuildConfiguration;
			buildSettings = {
				ALWAYS_SEARCH_USER_PATHS = NO;
				CLANG_CXX_LANGUAGE_STANDARD = "gnu++0x";
				CLANG_CXX_LIBRARY = "libc++";
				CLANG_ENABLE_MODULES = YES;
				CLANG_ENABLE_OBJC_ARC = YES;
				CLANG_WARN_BOOL_CONVERSION = YES;
				CLANG_WARN_CONSTANT_CONVERSION = YES;
				CLANG_WARN_DIRECT_OBJC_ISA_USAGE = YES_ERROR;
				CLANG_WARN_EMPTY_BODY = YES;
				CLANG_WARN_ENUM_CONVERSION = YES;
				CLANG_WARN_INT_CONVERSION = YES;
				CLANG_WARN_OBJC_ROOT_CLASS = YES_ERROR;
				CLANG_WARN_UNREACHABLE_CODE = YES;
				CLANG_WARN__DUPLICATE_METHOD_MATCH = YES;
				"CODE_SIGN_IDENTITY[sdk=iphoneos*]" = "iPhone Developer";
				COPY_PHASE_STRIP = YES;
				ENABLE_NS_ASSERTIONS = NO;
				ENABLE_STRICT_OBJC_MSGSEND = YES;
				GCC_C_LANGUAGE_STANDARD = gnu99;
				GCC_WARN_64_TO_32_BIT_CONVERSION = YES;
				GCC_WARN_ABOUT_RETURN_TYPE = YES_ERROR;
				GCC_WARN_UNDECLARED_SELECTOR = YES;
				GCC_WARN_UNINITIALIZED_AUTOS = YES_AGGRESSIVE;
				GCC_WARN_UNUSED_FUNCTION = YES;
				GCC_WARN_UNUSED_VARIABLE = YES;
				IPHONEOS_DEPLOYMENT_TARGET = 8.1;
				MTL_ENABLE_DEBUG_INFO = NO;
				SDKROOT = iphoneos;
				VALIDATE_PRODUCT = YES;
			};
			name = Release;
		};
		3FA7C7A51AA7B71B00A71AB7 /* Debug */ = {
			isa = XCBuildConfiguration;
			buildSettings = {
				ASSETCATALOG_COMPILER_APPICON_NAME = AppIcon;
				INFOPLIST_FILE = unwindsegueexam/Info.plist;
				LD_RUNPATH_SEARCH_PATHS = "$(inherited) @executable_path/Frameworks";
				PRODUCT_NAME = "$(TARGET_NAME)";
			};
			name = Debug;
		};
		3FA7C7A61AA7B71B00A71AB7 /* Release */ = {
			isa = XCBuildConfiguration;
			buildSettings = {
				ASSETCATALOG_COMPILER_APPICON_NAME = AppIcon;
				INFOPLIST_FILE = unwindsegueexam/Info.plist;
				LD_RUNPATH_SEARCH_PATHS = "$(inherited) @executable_path/Frameworks";
				PRODUCT_NAME = "$(TARGET_NAME)";
			};
			name = Release;
		};
		3FA7C7A81AA7B71B00A71AB7 /* Debug */ = {
			isa = XCBuildConfiguration;
			buildSettings = {
				BUNDLE_LOADER = "$(TEST_HOST)";
				FRAMEWORK_SEARCH_PATHS = (
					"$(SDKROOT)/Developer/Library/Frameworks",
					"$(inherited)",
				);
				GCC_PREPROCESSOR_DEFINITIONS = (
					"DEBUG=1",
					"$(inherited)",
				);
				INFOPLIST_FILE = unwindsegueexamTests/Info.plist;
				LD_RUNPATH_SEARCH_PATHS = "$(inherited) @executable_path/Frameworks @loader_path/Frameworks";
				PRODUCT_NAME = "$(TARGET_NAME)";
				TEST_HOST = "$(BUILT_PRODUCTS_DIR)/unwindsegueexam.app/unwindsegueexam";
			};
			name = Debug;
		};
		3FA7C7A91AA7B71B00A71AB7 /* Release */ = {
			isa = XCBuildConfiguration;
			buildSettings = {
				BUNDLE_LOADER = "$(TEST_HOST)";
				FRAMEWORK_SEARCH_PATHS = (
					"$(SDKROOT)/Developer/Library/Frameworks",
					"$(inherited)",
				);
				INFOPLIST_FILE = unwindsegueexamTests/Info.plist;
				LD_RUNPATH_SEARCH_PATHS = "$(inherited) @executable_path/Frameworks @loader_path/Frameworks";
				PRODUCT_NAME = "$(TARGET_NAME)";
				TEST_HOST = "$(BUILT_PRODUCTS_DIR)/unwindsegueexam.app/unwindsegueexam";
			};
			name = Release;
		};
/* End XCBuildConfiguration section */

/* Begin XCConfigurationList section */
		3FA7C7801AA7B71B00A71AB7 /* Build configuration list for PBXProject "unwindsegueexam" */ = {
			isa = XCConfigurationList;
			buildConfigurations = (
				3FA7C7A21AA7B71B00A71AB7 /* Debug */,
				3FA7C7A31AA7B71B00A71AB7 /* Release */,
			);
			defaultConfigurationIsVisible = 0;
			defaultConfigurationName = Release;
		};
		3FA7C7A41AA7B71B00A71AB7 /* Build configuration list for PBXNativeTarget "unwindsegueexam" */ = {
			isa = XCConfigurationList;
			buildConfigurations = (
				3FA7C7A51AA7B71B00A71AB7 /* Debug */,
				3FA7C7A61AA7B71B00A71AB7 /* Release */,
			);
			defaultConfigurationIsVisible = 0;
		};
		3FA7C7A71AA7B71B00A71AB7 /* Build configuration list for PBXNativeTarget "unwindsegueexamTests" */ = {
			isa = XCConfigurationList;
			buildConfigurations = (
				3FA7C7A81AA7B71B00A71AB7 /* Debug */,
				3FA7C7A91AA7B71B00A71AB7 /* Release */,
			);
			defaultConfigurationIsVisible = 0;
		};
/* End XCConfigurationList section */
	};
	rootObject = 3FA7C77D1AA7B71B00A71AB7 /* Project object */;
}
